// !$*UTF8*$!
{
	archiveVersion = 1;
	classes = {
	};
	objectVersion = 56;
	objects = {

/* Begin PBXBuildFile section */
		9E4A1A7029969D4E000732A0 /* LoginView.swift in Sources */ = {isa = PBXBuildFile; fileRef = 9E4A1A6F29969D4E000732A0 /* LoginView.swift */; };
		9E57443429A3DD5A005EE6C3 /* ConnexionModalView.swift in Sources */ = {isa = PBXBuildFile; fileRef = 9E57443329A3DD5A005EE6C3 /* ConnexionModalView.swift */; };
		9E6077C429963A1A0004C236 /* ThumbnailView.swift in Sources */ = {isa = PBXBuildFile; fileRef = 9E6077C329963A1A0004C236 /* ThumbnailView.swift */; };
		9E7413FC29A670620021A466 /* HomeView.swift in Sources */ = {isa = PBXBuildFile; fileRef = 9E7413FB29A670620021A466 /* HomeView.swift */; };
		9E7413FE29A67C660021A466 /* ProfileView.swift in Sources */ = {isa = PBXBuildFile; fileRef = 9E7413FD29A67C660021A466 /* ProfileView.swift */; };
		9E76EF5C2995384E0048D179 /* WhatIPlayApp.swift in Sources */ = {isa = PBXBuildFile; fileRef = 9E76EF5B2995384E0048D179 /* WhatIPlayApp.swift */; };
		9E76EF5E2995384E0048D179 /* ContentView.swift in Sources */ = {isa = PBXBuildFile; fileRef = 9E76EF5D2995384E0048D179 /* ContentView.swift */; };
		9E76EF602995384F0048D179 /* Assets.xcassets in Resources */ = {isa = PBXBuildFile; fileRef = 9E76EF5F2995384F0048D179 /* Assets.xcassets */; };
		9E76EF632995384F0048D179 /* Preview Assets.xcassets in Resources */ = {isa = PBXBuildFile; fileRef = 9E76EF622995384F0048D179 /* Preview Assets.xcassets */; };
		9E77BAA8299546BE00822E25 /* DummyData.json in Resources */ = {isa = PBXBuildFile; fileRef = 9E77BAA7299546BE00822E25 /* DummyData.json */; };
		9E77BAAA2995552500822E25 /* SquareGameView.swift in Sources */ = {isa = PBXBuildFile; fileRef = 9E77BAA92995552500822E25 /* SquareGameView.swift */; };
		9E94D4C7299CE91C00B3D75A /* RegularTextField.swift in Sources */ = {isa = PBXBuildFile; fileRef = 9E94D4C6299CE91C00B3D75A /* RegularTextField.swift */; };
		9E94D4C9299CE92800B3D75A /* PasswordTextField.swift in Sources */ = {isa = PBXBuildFile; fileRef = 9E94D4C8299CE92800B3D75A /* PasswordTextField.swift */; };
		9E94D4CB299CEB6A00B3D75A /* BackgroundView.swift in Sources */ = {isa = PBXBuildFile; fileRef = 9E94D4CA299CEB6A00B3D75A /* BackgroundView.swift */; };
		9E94D4CD299CECCA00B3D75A /* GoogleButtonView.swift in Sources */ = {isa = PBXBuildFile; fileRef = 9E94D4CC299CECCA00B3D75A /* GoogleButtonView.swift */; };
		9E94D4CF299CED7F00B3D75A /* AppleButtonView.swift in Sources */ = {isa = PBXBuildFile; fileRef = 9E94D4CE299CED7F00B3D75A /* AppleButtonView.swift */; };
		9E94D4D2299CF1CF00B3D75A /* RegularButtonView.swift in Sources */ = {isa = PBXBuildFile; fileRef = 9E94D4D1299CF1CF00B3D75A /* RegularButtonView.swift */; };
		9EAA0084299D1561003912E2 /* TextButtonView.swift in Sources */ = {isa = PBXBuildFile; fileRef = 9EAA0083299D1561003912E2 /* TextButtonView.swift */; };
		9EAA0086299D17E8003912E2 /* SignInView.swift in Sources */ = {isa = PBXBuildFile; fileRef = 9EAA0085299D17E8003912E2 /* SignInView.swift */; };
		9EAA0088299D2F55003912E2 /* CredentialsView.swift in Sources */ = {isa = PBXBuildFile; fileRef = 9EAA0087299D2F55003912E2 /* CredentialsView.swift */; };
/* End PBXBuildFile section */

/* Begin PBXFileReference section */
		9E4A1A6F29969D4E000732A0 /* LoginView.swift */ = {isa = PBXFileReference; lastKnownFileType = sourcecode.swift; path = LoginView.swift; sourceTree = "<group>"; };
		9E57443329A3DD5A005EE6C3 /* ConnexionModalView.swift */ = {isa = PBXFileReference; lastKnownFileType = sourcecode.swift; path = ConnexionModalView.swift; sourceTree = "<group>"; };
		9E6077C329963A1A0004C236 /* ThumbnailView.swift */ = {isa = PBXFileReference; lastKnownFileType = sourcecode.swift; path = ThumbnailView.swift; sourceTree = "<group>"; };
		9E7413FB29A670620021A466 /* HomeView.swift */ = {isa = PBXFileReference; lastKnownFileType = sourcecode.swift; path = HomeView.swift; sourceTree = "<group>"; };
		9E7413FD29A67C660021A466 /* ProfileView.swift */ = {isa = PBXFileReference; lastKnownFileType = sourcecode.swift; path = ProfileView.swift; sourceTree = "<group>"; };
		9E76EF582995384E0048D179 /* WhatIPlay.app */ = {isa = PBXFileReference; explicitFileType = wrapper.application; includeInIndex = 0; path = WhatIPlay.app; sourceTree = BUILT_PRODUCTS_DIR; };
		9E76EF5B2995384E0048D179 /* WhatIPlayApp.swift */ = {isa = PBXFileReference; lastKnownFileType = sourcecode.swift; path = WhatIPlayApp.swift; sourceTree = "<group>"; };
		9E76EF5D2995384E0048D179 /* ContentView.swift */ = {isa = PBXFileReference; lastKnownFileType = sourcecode.swift; path = ContentView.swift; sourceTree = "<group>"; };
		9E76EF5F2995384F0048D179 /* Assets.xcassets */ = {isa = PBXFileReference; lastKnownFileType = folder.assetcatalog; path = Assets.xcassets; sourceTree = "<group>"; };
		9E76EF622995384F0048D179 /* Preview Assets.xcassets */ = {isa = PBXFileReference; lastKnownFileType = folder.assetcatalog; path = "Preview Assets.xcassets"; sourceTree = "<group>"; };
		9E77BAA7299546BE00822E25 /* DummyData.json */ = {isa = PBXFileReference; lastKnownFileType = text.json; path = DummyData.json; sourceTree = "<group>"; };
		9E77BAA92995552500822E25 /* SquareGameView.swift */ = {isa = PBXFileReference; lastKnownFileType = sourcecode.swift; path = SquareGameView.swift; sourceTree = "<group>"; };
		9E94D4C6299CE91C00B3D75A /* RegularTextField.swift */ = {isa = PBXFileReference; lastKnownFileType = sourcecode.swift; path = RegularTextField.swift; sourceTree = "<group>"; };
		9E94D4C8299CE92800B3D75A /* PasswordTextField.swift */ = {isa = PBXFileReference; lastKnownFileType = sourcecode.swift; path = PasswordTextField.swift; sourceTree = "<group>"; };
		9E94D4CA299CEB6A00B3D75A /* BackgroundView.swift */ = {isa = PBXFileReference; lastKnownFileType = sourcecode.swift; path = BackgroundView.swift; sourceTree = "<group>"; };
		9E94D4CC299CECCA00B3D75A /* GoogleButtonView.swift */ = {isa = PBXFileReference; lastKnownFileType = sourcecode.swift; path = GoogleButtonView.swift; sourceTree = "<group>"; };
		9E94D4CE299CED7F00B3D75A /* AppleButtonView.swift */ = {isa = PBXFileReference; lastKnownFileType = sourcecode.swift; path = AppleButtonView.swift; sourceTree = "<group>"; };
		9E94D4D1299CF1CF00B3D75A /* RegularButtonView.swift */ = {isa = PBXFileReference; lastKnownFileType = sourcecode.swift; path = RegularButtonView.swift; sourceTree = "<group>"; };
		9EAA0083299D1561003912E2 /* TextButtonView.swift */ = {isa = PBXFileReference; lastKnownFileType = sourcecode.swift; path = TextButtonView.swift; sourceTree = "<group>"; };
		9EAA0085299D17E8003912E2 /* SignInView.swift */ = {isa = PBXFileReference; lastKnownFileType = sourcecode.swift; path = SignInView.swift; sourceTree = "<group>"; };
		9EAA0087299D2F55003912E2 /* CredentialsView.swift */ = {isa = PBXFileReference; lastKnownFileType = sourcecode.swift; path = CredentialsView.swift; sourceTree = "<group>"; };
/* End PBXFileReference section */

/* Begin PBXFrameworksBuildPhase section */
		9E76EF552995384E0048D179 /* Frameworks */ = {
			isa = PBXFrameworksBuildPhase;
			buildActionMask = 2147483647;
			files = (
			);
			runOnlyForDeploymentPostprocessing = 0;
		};
/* End PBXFrameworksBuildPhase section */

/* Begin PBXGroup section */
		9E76EF4F2995384E0048D179 = {
			isa = PBXGroup;
			children = (
				9E76EF5A2995384E0048D179 /* WhatIPlay */,
				9E76EF592995384E0048D179 /* Products */,
			);
			sourceTree = "<group>";
		};
		9E76EF592995384E0048D179 /* Products */ = {
			isa = PBXGroup;
			children = (
				9E76EF582995384E0048D179 /* WhatIPlay.app */,
			);
			name = Products;
			sourceTree = "<group>";
		};
		9E76EF5A2995384E0048D179 /* WhatIPlay */ = {
			isa = PBXGroup;
			children = (
				9E76EF5B2995384E0048D179 /* WhatIPlayApp.swift */,
				9E76EF5D2995384E0048D179 /* ContentView.swift */,
				9E7413FB29A670620021A466 /* HomeView.swift */,
				9E7413FD29A67C660021A466 /* ProfileView.swift */,
				9E57443329A3DD5A005EE6C3 /* ConnexionModalView.swift */,
				9EAA0087299D2F55003912E2 /* CredentialsView.swift */,
				9E4A1A6F29969D4E000732A0 /* LoginView.swift */,
				9EAA0085299D17E8003912E2 /* SignInView.swift */,
				9E94D4D0299CED8700B3D75A /* Components */,
				9E77BAA92995552500822E25 /* SquareGameView.swift */,
				9E6077C329963A1A0004C236 /* ThumbnailView.swift */,
				9E77BAA7299546BE00822E25 /* DummyData.json */,
				9E76EF5F2995384F0048D179 /* Assets.xcassets */,
				9E76EF612995384F0048D179 /* Preview Content */,
			);
			path = WhatIPlay;
			sourceTree = "<group>";
		};
		9E76EF612995384F0048D179 /* Preview Content */ = {
			isa = PBXGroup;
			children = (
				9E76EF622995384F0048D179 /* Preview Assets.xcassets */,
			);
			path = "Preview Content";
			sourceTree = "<group>";
		};
		9E94D4D0299CED8700B3D75A /* Components */ = {
			isa = PBXGroup;
			children = (
				9E94D4C6299CE91C00B3D75A /* RegularTextField.swift */,
				9E94D4C8299CE92800B3D75A /* PasswordTextField.swift */,
				9E94D4CA299CEB6A00B3D75A /* BackgroundView.swift */,
				9E94D4CC299CECCA00B3D75A /* GoogleButtonView.swift */,
				9E94D4CE299CED7F00B3D75A /* AppleButtonView.swift */,
				9E94D4D1299CF1CF00B3D75A /* RegularButtonView.swift */,
				9EAA0083299D1561003912E2 /* TextButtonView.swift */,
			);
			path = Components;
			sourceTree = "<group>";
		};
/* End PBXGroup section */

/* Begin PBXNativeTarget section */
		9E76EF572995384E0048D179 /* WhatIPlay */ = {
			isa = PBXNativeTarget;
			buildConfigurationList = 9E76EF662995384F0048D179 /* Build configuration list for PBXNativeTarget "WhatIPlay" */;
			buildPhases = (
				9E76EF542995384E0048D179 /* Sources */,
				9E76EF552995384E0048D179 /* Frameworks */,
				9E76EF562995384E0048D179 /* Resources */,
			);
			buildRules = (
			);
			dependencies = (
			);
			name = WhatIPlay;
			productName = WhatIPlay;
			productReference = 9E76EF582995384E0048D179 /* WhatIPlay.app */;
			productType = "com.apple.product-type.application";
		};
/* End PBXNativeTarget section */

/* Begin PBXProject section */
		9E76EF502995384E0048D179 /* Project object */ = {
			isa = PBXProject;
			attributes = {
				BuildIndependentTargetsInParallel = 1;
				LastSwiftUpdateCheck = 1420;
				LastUpgradeCheck = 1420;
				TargetAttributes = {
					9E76EF572995384E0048D179 = {
						CreatedOnToolsVersion = 14.2;
					};
				};
			};
			buildConfigurationList = 9E76EF532995384E0048D179 /* Build configuration list for PBXProject "WhatIPlay" */;
			compatibilityVersion = "Xcode 14.0";
			developmentRegion = en;
			hasScannedForEncodings = 0;
			knownRegions = (
				en,
				Base,
			);
			mainGroup = 9E76EF4F2995384E0048D179;
			productRefGroup = 9E76EF592995384E0048D179 /* Products */;
			projectDirPath = "";
			projectRoot = "";
			targets = (
				9E76EF572995384E0048D179 /* WhatIPlay */,
			);
		};
/* End PBXProject section */

/* Begin PBXResourcesBuildPhase section */
		9E76EF562995384E0048D179 /* Resources */ = {
			isa = PBXResourcesBuildPhase;
			buildActionMask = 2147483647;
			files = (
				9E77BAA8299546BE00822E25 /* DummyData.json in Resources */,
				9E76EF632995384F0048D179 /* Preview Assets.xcassets in Resources */,
				9E76EF602995384F0048D179 /* Assets.xcassets in Resources */,
			);
			runOnlyForDeploymentPostprocessing = 0;
		};
/* End PBXResourcesBuildPhase section */

/* Begin PBXSourcesBuildPhase section */
		9E76EF542995384E0048D179 /* Sources */ = {
			isa = PBXSourcesBuildPhase;
			buildActionMask = 2147483647;
			files = (
				9E76EF5E2995384E0048D179 /* ContentView.swift in Sources */,
				9E6077C429963A1A0004C236 /* ThumbnailView.swift in Sources */,
				9E94D4CB299CEB6A00B3D75A /* BackgroundView.swift in Sources */,
				9E94D4D2299CF1CF00B3D75A /* RegularButtonView.swift in Sources */,
				9E94D4C9299CE92800B3D75A /* PasswordTextField.swift in Sources */,
				9E94D4C7299CE91C00B3D75A /* RegularTextField.swift in Sources */,
				9E76EF5C2995384E0048D179 /* WhatIPlayApp.swift in Sources */,
				9E94D4CD299CECCA00B3D75A /* GoogleButtonView.swift in Sources */,
				9E57443429A3DD5A005EE6C3 /* ConnexionModalView.swift in Sources */,
				9E7413FE29A67C660021A466 /* ProfileView.swift in Sources */,
				9E4A1A7029969D4E000732A0 /* LoginView.swift in Sources */,
				9E77BAAA2995552500822E25 /* SquareGameView.swift in Sources */,
				9E94D4CF299CED7F00B3D75A /* AppleButtonView.swift in Sources */,
				9EAA0088299D2F55003912E2 /* CredentialsView.swift in Sources */,
				9E7413FC29A670620021A466 /* HomeView.swift in Sources */,
				9EAA0084299D1561003912E2 /* TextButtonView.swift in Sources */,
				9EAA0086299D17E8003912E2 /* SignInView.swift in Sources */,
			);
			runOnlyForDeploymentPostprocessing = 0;
		};
/* End PBXSourcesBuildPhase section */

/* Begin XCBuildConfiguration section */
		9E76EF642995384F0048D179 /* Debug */ = {
			isa = XCBuildConfiguration;
			buildSettings = {
				ALWAYS_SEARCH_USER_PATHS = NO;
				CLANG_ANALYZER_NONNULL = YES;
				CLANG_ANALYZER_NUMBER_OBJECT_CONVERSION = YES_AGGRESSIVE;
				CLANG_CXX_LANGUAGE_STANDARD = "gnu++20";
				CLANG_ENABLE_MODULES = YES;
				CLANG_ENABLE_OBJC_ARC = YES;
				CLANG_ENABLE_OBJC_WEAK = YES;
				CLANG_WARN_BLOCK_CAPTURE_AUTORELEASING = YES;
				CLANG_WARN_BOOL_CONVERSION = YES;
				CLANG_WARN_COMMA = YES;
				CLANG_WARN_CONSTANT_CONVERSION = YES;
				CLANG_WARN_DEPRECATED_OBJC_IMPLEMENTATIONS = YES;
				CLANG_WARN_DIRECT_OBJC_ISA_USAGE = YES_ERROR;
				CLANG_WARN_DOCUMENTATION_COMMENTS = YES;
				CLANG_WARN_EMPTY_BODY = YES;
				CLANG_WARN_ENUM_CONVERSION = YES;
				CLANG_WARN_INFINITE_RECURSION = YES;
				CLANG_WARN_INT_CONVERSION = YES;
				CLANG_WARN_NON_LITERAL_NULL_CONVERSION = YES;
				CLANG_WARN_OBJC_IMPLICIT_RETAIN_SELF = YES;
				CLANG_WARN_OBJC_LITERAL_CONVERSION = YES;
				CLANG_WARN_OBJC_ROOT_CLASS = YES_ERROR;
				CLANG_WARN_QUOTED_INCLUDE_IN_FRAMEWORK_HEADER = YES;
				CLANG_WARN_RANGE_LOOP_ANALYSIS = YES;
				CLANG_WARN_STRICT_PROTOTYPES = YES;
				CLANG_WARN_SUSPICIOUS_MOVE = YES;
				CLANG_WARN_UNGUARDED_AVAILABILITY = YES_AGGRESSIVE;
				CLANG_WARN_UNREACHABLE_CODE = YES;
				CLANG_WARN__DUPLICATE_METHOD_MATCH = YES;
				COPY_PHASE_STRIP = NO;
				DEBUG_INFORMATION_FORMAT = dwarf;
				ENABLE_STRICT_OBJC_MSGSEND = YES;
				ENABLE_TESTABILITY = YES;
				GCC_C_LANGUAGE_STANDARD = gnu11;
				GCC_DYNAMIC_NO_PIC = NO;
				GCC_NO_COMMON_BLOCKS = YES;
				GCC_OPTIMIZATION_LEVEL = 0;
				GCC_PREPROCESSOR_DEFINITIONS = (
					"DEBUG=1",
					"$(inherited)",
				);
				GCC_WARN_64_TO_32_BIT_CONVERSION = YES;
				GCC_WARN_ABOUT_RETURN_TYPE = YES_ERROR;
				GCC_WARN_UNDECLARED_SELECTOR = YES;
				GCC_WARN_UNINITIALIZED_AUTOS = YES_AGGRESSIVE;
				GCC_WARN_UNUSED_FUNCTION = YES;
				GCC_WARN_UNUSED_VARIABLE = YES;
				IPHONEOS_DEPLOYMENT_TARGET = 16.2;
				MTL_ENABLE_DEBUG_INFO = INCLUDE_SOURCE;
				MTL_FAST_MATH = YES;
				ONLY_ACTIVE_ARCH = YES;
				SDKROOT = iphoneos;
				SWIFT_ACTIVE_COMPILATION_CONDITIONS = DEBUG;
				SWIFT_OPTIMIZATION_LEVEL = "-Onone";
			};
			name = Debug;
		};
		9E76EF652995384F0048D179 /* Release */ = {
			isa = XCBuildConfiguration;
			buildSettings = {
				ALWAYS_SEARCH_USER_PATHS = NO;
				CLANG_ANALYZER_NONNULL = YES;
				CLANG_ANALYZER_NUMBER_OBJECT_CONVERSION = YES_AGGRESSIVE;
				CLANG_CXX_LANGUAGE_STANDARD = "gnu++20";
				CLANG_ENABLE_MODULES = YES;
				CLANG_ENABLE_OBJC_ARC = YES;
				CLANG_ENABLE_OBJC_WEAK = YES;
				CLANG_WARN_BLOCK_CAPTURE_AUTORELEASING = YES;
				CLANG_WARN_BOOL_CONVERSION = YES;
				CLANG_WARN_COMMA = YES;
				CLANG_WARN_CONSTANT_CONVERSION = YES;
				CLANG_WARN_DEPRECATED_OBJC_IMPLEMENTATIONS = YES;
				CLANG_WARN_DIRECT_OBJC_ISA_USAGE = YES_ERROR;
				CLANG_WARN_DOCUMENTATION_COMMENTS = YES;
				CLANG_WARN_EMPTY_BODY = YES;
				CLANG_WARN_ENUM_CONVERSION = YES;
				CLANG_WARN_INFINITE_RECURSION = YES;
				CLANG_WARN_INT_CONVERSION = YES;
				CLANG_WARN_NON_LITERAL_NULL_CONVERSION = YES;
				CLANG_WARN_OBJC_IMPLICIT_RETAIN_SELF = YES;
				CLANG_WARN_OBJC_LITERAL_CONVERSION = YES;
				CLANG_WARN_OBJC_ROOT_CLASS = YES_ERROR;
				CLANG_WARN_QUOTED_INCLUDE_IN_FRAMEWORK_HEADER = YES;
				CLANG_WARN_RANGE_LOOP_ANALYSIS = YES;
				CLANG_WARN_STRICT_PROTOTYPES = YES;
				CLANG_WARN_SUSPICIOUS_MOVE = YES;
				CLANG_WARN_UNGUARDED_AVAILABILITY = YES_AGGRESSIVE;
				CLANG_WARN_UNREACHABLE_CODE = YES;
				CLANG_WARN__DUPLICATE_METHOD_MATCH = YES;
				COPY_PHASE_STRIP = NO;
				DEBUG_INFORMATION_FORMAT = "dwarf-with-dsym";
				ENABLE_NS_ASSERTIONS = NO;
				ENABLE_STRICT_OBJC_MSGSEND = YES;
				GCC_C_LANGUAGE_STANDARD = gnu11;
				GCC_NO_COMMON_BLOCKS = YES;
				GCC_WARN_64_TO_32_BIT_CONVERSION = YES;
				GCC_WARN_ABOUT_RETURN_TYPE = YES_ERROR;
				GCC_WARN_UNDECLARED_SELECTOR = YES;
				GCC_WARN_UNINITIALIZED_AUTOS = YES_AGGRESSIVE;
				GCC_WARN_UNUSED_FUNCTION = YES;
				GCC_WARN_UNUSED_VARIABLE = YES;
				IPHONEOS_DEPLOYMENT_TARGET = 16.2;
				MTL_ENABLE_DEBUG_INFO = NO;
				MTL_FAST_MATH = YES;
				SDKROOT = iphoneos;
				SWIFT_COMPILATION_MODE = wholemodule;
				SWIFT_OPTIMIZATION_LEVEL = "-O";
				VALIDATE_PRODUCT = YES;
			};
			name = Release;
		};
		9E76EF672995384F0048D179 /* Debug */ = {
			isa = XCBuildConfiguration;
			buildSettings = {
				ASSETCATALOG_COMPILER_APPICON_NAME = AppIcon;
				ASSETCATALOG_COMPILER_GLOBAL_ACCENT_COLOR_NAME = AccentColor;
				CODE_SIGN_STYLE = Automatic;
				CURRENT_PROJECT_VERSION = 1;
				DEVELOPMENT_ASSET_PATHS = "\"WhatIPlay/Preview Content\"";
				DEVELOPMENT_TEAM = 3D4DRXPTLN;
				ENABLE_PREVIEWS = YES;
				GENERATE_INFOPLIST_FILE = YES;
				INFOPLIST_KEY_UIApplicationSceneManifest_Generation = YES;
				INFOPLIST_KEY_UIApplicationSupportsIndirectInputEvents = YES;
				INFOPLIST_KEY_UILaunchScreen_Generation = YES;
				INFOPLIST_KEY_UISupportedInterfaceOrientations = UIInterfaceOrientationPortrait;
				INFOPLIST_KEY_UISupportedInterfaceOrientations_iPad = "UIInterfaceOrientationLandscapeLeft UIInterfaceOrientationLandscapeRight UIInterfaceOrientationPortrait UIInterfaceOrientationPortraitUpsideDown";
				IPHONEOS_DEPLOYMENT_TARGET = 16.2;
				LD_RUNPATH_SEARCH_PATHS = (
					"$(inherited)",
					"@executable_path/Frameworks",
				);
				MARKETING_VERSION = 1.0;
				PRODUCT_BUNDLE_IDENTIFIER = com.chailloleaudamien.WhatIPlay;
				PRODUCT_NAME = "$(TARGET_NAME)";
				SUPPORTED_PLATFORMS = "iphoneos iphonesimulator";
				SUPPORTS_MACCATALYST = NO;
				SUPPORTS_MAC_DESIGNED_FOR_IPHONE_IPAD = NO;
				SWIFT_EMIT_LOC_STRINGS = YES;
				SWIFT_VERSION = 5.0;
				TARGETED_DEVICE_FAMILY = 1;
			};
			name = Debug;
		};
		9E76EF682995384F0048D179 /* Release */ = {
			isa = XCBuildConfiguration;
			buildSettings = {
				ASSETCATALOG_COMPILER_APPICON_NAME = AppIcon;
				ASSETCATALOG_COMPILER_GLOBAL_ACCENT_COLOR_NAME = AccentColor;
				CODE_SIGN_STYLE = Automatic;
				CURRENT_PROJECT_VERSION = 1;
				DEVELOPMENT_ASSET_PATHS = "\"WhatIPlay/Preview Content\"";
				DEVELOPMENT_TEAM = 3D4DRXPTLN;
				ENABLE_PREVIEWS = YES;
				GENERATE_INFOPLIST_FILE = YES;
				INFOPLIST_KEY_UIApplicationSceneManifest_Generation = YES;
				INFOPLIST_KEY_UIApplicationSupportsIndirectInputEvents = YES;
				INFOPLIST_KEY_UILaunchScreen_Generation = YES;
				INFOPLIST_KEY_UISupportedInterfaceOrientations = UIInterfaceOrientationPortrait;
				INFOPLIST_KEY_UISupportedInterfaceOrientations_iPad = "UIInterfaceOrientationLandscapeLeft UIInterfaceOrientationLandscapeRight UIInterfaceOrientationPortrait UIInterfaceOrientationPortraitUpsideDown";
				IPHONEOS_DEPLOYMENT_TARGET = 16.2;
				LD_RUNPATH_SEARCH_PATHS = (
					"$(inherited)",
					"@executable_path/Frameworks",
				);
				MARKETING_VERSION = 1.0;
				PRODUCT_BUNDLE_IDENTIFIER = com.chailloleaudamien.WhatIPlay;
				PRODUCT_NAME = "$(TARGET_NAME)";
				SUPPORTED_PLATFORMS = "iphoneos iphonesimulator";
				SUPPORTS_MACCATALYST = NO;
				SUPPORTS_MAC_DESIGNED_FOR_IPHONE_IPAD = NO;
				SWIFT_EMIT_LOC_STRINGS = YES;
				SWIFT_VERSION = 5.0;
				TARGETED_DEVICE_FAMILY = 1;
			};
			name = Release;
		};
/* End XCBuildConfiguration section */

/* Begin XCConfigurationList section */
		9E76EF532995384E0048D179 /* Build configuration list for PBXProject "WhatIPlay" */ = {
			isa = XCConfigurationList;
			buildConfigurations = (
				9E76EF642995384F0048D179 /* Debug */,
				9E76EF652995384F0048D179 /* Release */,
			);
			defaultConfigurationIsVisible = 0;
			defaultConfigurationName = Release;
		};
		9E76EF662995384F0048D179 /* Build configuration list for PBXNativeTarget "WhatIPlay" */ = {
			isa = XCConfigurationList;
			buildConfigurations = (
				9E76EF672995384F0048D179 /* Debug */,
				9E76EF682995384F0048D179 /* Release */,
			);
			defaultConfigurationIsVisible = 0;
			defaultConfigurationName = Release;
		};
/* End XCConfigurationList section */
	};
	rootObject = 9E76EF502995384E0048D179 /* Project object */;
}
